// !$*UTF8*$!
{
	archiveVersion = 1;
	classes = {
	};
	objectVersion = 46;
	objects = {

/* Begin PBXBuildFile section */
		328252881DEE32B50026BAD8 /* Thingy.framework in Frameworks */ = {isa = PBXBuildFile; fileRef = 32D5B9351DE3536900C6ED8C /* Thingy.framework */; };
		3282528E1DEE335F0026BAD8 /* ThingyTests.swift in Sources */ = {isa = PBXBuildFile; fileRef = 32D5B9501DE35AFA00C6ED8C /* ThingyTests.swift */; };
		3282528F1DEE335F0026BAD8 /* ParserTests.swift in Sources */ = {isa = PBXBuildFile; fileRef = AD88C813A58AD585E89B0A02 /* ParserTests.swift */; };
		32D5B93D1DE354E500C6ED8C /* Thingy.h in Headers */ = {isa = PBXBuildFile; fileRef = AD88C459867230ACFFEF7EDB /* Thingy.h */; settings = {ATTRIBUTES = (Public, ); }; };
		32D5B93E1DE354E500C6ED8C /* Thingy.h in Headers */ = {isa = PBXBuildFile; fileRef = AD88C459867230ACFFEF7EDB /* Thingy.h */; settings = {ATTRIBUTES = (Public, ); }; };
		32D5B9401DE355B400C6ED8C /* Family.swift in Sources */ = {isa = PBXBuildFile; fileRef = 32D5B93F1DE355B400C6ED8C /* Family.swift */; };
		32D5B9411DE355B400C6ED8C /* Family.swift in Sources */ = {isa = PBXBuildFile; fileRef = 32D5B93F1DE355B400C6ED8C /* Family.swift */; };
		32D5B9421DE355B400C6ED8C /* Family.swift in Sources */ = {isa = PBXBuildFile; fileRef = 32D5B93F1DE355B400C6ED8C /* Family.swift */; };
		32D5B9441DE355C200C6ED8C /* ProductLine.swift in Sources */ = {isa = PBXBuildFile; fileRef = 32D5B9431DE355C200C6ED8C /* ProductLine.swift */; };
		32D5B9451DE355C200C6ED8C /* ProductLine.swift in Sources */ = {isa = PBXBuildFile; fileRef = 32D5B9431DE355C200C6ED8C /* ProductLine.swift */; };
		32D5B9461DE355C200C6ED8C /* ProductLine.swift in Sources */ = {isa = PBXBuildFile; fileRef = 32D5B9431DE355C200C6ED8C /* ProductLine.swift */; };
		32D5B9491DE356B000C6ED8C /* Model.swift in Sources */ = {isa = PBXBuildFile; fileRef = 32D5B9481DE356B000C6ED8C /* Model.swift */; };
		32D5B94A1DE356B000C6ED8C /* Model.swift in Sources */ = {isa = PBXBuildFile; fileRef = 32D5B9481DE356B000C6ED8C /* Model.swift */; };
		32D5B94B1DE356B000C6ED8C /* Model.swift in Sources */ = {isa = PBXBuildFile; fileRef = 32D5B9481DE356B000C6ED8C /* Model.swift */; };
		32D5B94D1DE3593800C6ED8C /* Thingy.swift in Sources */ = {isa = PBXBuildFile; fileRef = 32D5B94C1DE3593800C6ED8C /* Thingy.swift */; };
		32D5B9511DE35AFA00C6ED8C /* ThingyTests.swift in Sources */ = {isa = PBXBuildFile; fileRef = 32D5B9501DE35AFA00C6ED8C /* ThingyTests.swift */; };
		32FAD8D11DECAA5E00AC5433 /* Parser.swift in Sources */ = {isa = PBXBuildFile; fileRef = 32FAD8D01DECAA5E00AC5433 /* Parser.swift */; };
		32FAD8D31DECAB2B00AC5433 /* Protocols.swift in Sources */ = {isa = PBXBuildFile; fileRef = 32FAD8D21DECAB2B00AC5433 /* Protocols.swift */; };
		32FAD8D41DECB24600AC5433 /* ParserTests.swift in Sources */ = {isa = PBXBuildFile; fileRef = AD88C813A58AD585E89B0A02 /* ParserTests.swift */; };
		32FAD8D91DECC12600AC5433 /* Thingy.swift in Sources */ = {isa = PBXBuildFile; fileRef = 32D5B94C1DE3593800C6ED8C /* Thingy.swift */; };
		32FAD8DA1DECC12600AC5433 /* Parser.swift in Sources */ = {isa = PBXBuildFile; fileRef = 32FAD8D01DECAA5E00AC5433 /* Parser.swift */; };
		32FAD8DB1DECC12600AC5433 /* Protocols.swift in Sources */ = {isa = PBXBuildFile; fileRef = 32FAD8D21DECAB2B00AC5433 /* Protocols.swift */; };
		32FAD8DD1DECC12800AC5433 /* Thingy.swift in Sources */ = {isa = PBXBuildFile; fileRef = 32D5B94C1DE3593800C6ED8C /* Thingy.swift */; };
		32FAD8DE1DECC12800AC5433 /* Parser.swift in Sources */ = {isa = PBXBuildFile; fileRef = 32FAD8D01DECAA5E00AC5433 /* Parser.swift */; };
		32FAD8DF1DECC12800AC5433 /* Protocols.swift in Sources */ = {isa = PBXBuildFile; fileRef = 32FAD8D21DECAB2B00AC5433 /* Protocols.swift */; };
		AD88C194CCEBFDA00C7C44EA /* Thingy.h in Headers */ = {isa = PBXBuildFile; fileRef = AD88C459867230ACFFEF7EDB /* Thingy.h */; settings = {ATTRIBUTES = (Public, ); }; };
		AD88C2DFE43E151C6FB20A10 /* Thingy.framework in Frameworks */ = {isa = PBXBuildFile; fileRef = AD88C5F6C3AA1CADD3C7480E /* Thingy.framework */; };
		AD88C62D76B2BF1732052A85 /* DeviceMap.swift in Sources */ = {isa = PBXBuildFile; fileRef = AD88CD426DB4F7DE84E65B55 /* DeviceMap.swift */; };
		AD88C8A779AC8051DE5EF927 /* DeviceMap.swift in Sources */ = {isa = PBXBuildFile; fileRef = AD88CD426DB4F7DE84E65B55 /* DeviceMap.swift */; };
		AD88CB267C2A32BC0BF8FB85 /* DeviceMap.swift in Sources */ = {isa = PBXBuildFile; fileRef = AD88CD426DB4F7DE84E65B55 /* DeviceMap.swift */; };
/* End PBXBuildFile section */

/* Begin PBXContainerItemProxy section */
		328252891DEE32B50026BAD8 /* PBXContainerItemProxy */ = {
			isa = PBXContainerItemProxy;
			containerPortal = AD88CDF9FD3BBF5B2C09AF5D /* Project object */;
			proxyType = 1;
			remoteGlobalIDString = 32D5B9341DE3536900C6ED8C;
			remoteInfo = "Thingy tvOS";
		};
		AD88C62ABEDCD78D36C919A2 /* PBXContainerItemProxy */ = {
			isa = PBXContainerItemProxy;
			containerPortal = AD88CDF9FD3BBF5B2C09AF5D /* Project object */;
			proxyType = 1;
			remoteGlobalIDString = AD88CC9CCE3163C7DBDA97EE;
			remoteInfo = Thingy;
		};
/* End PBXContainerItemProxy section */

/* Begin PBXFileReference section */
		3282527D1DEE32220026BAD8 /* Info-tvOS.plist */ = {isa = PBXFileReference; fileEncoding = 4; lastKnownFileType = text.plist.xml; path = "Info-tvOS.plist"; sourceTree = "<group>"; };
		328252831DEE32B50026BAD8 /* Tests tvOS.xctest */ = {isa = PBXFileReference; explicitFileType = wrapper.cfbundle; includeInIndex = 0; path = "Tests tvOS.xctest"; sourceTree = BUILT_PRODUCTS_DIR; };
		32D5B9281DE3534B00C6ED8C /* Thingy.framework */ = {isa = PBXFileReference; explicitFileType = wrapper.framework; includeInIndex = 0; path = Thingy.framework; sourceTree = BUILT_PRODUCTS_DIR; };
		32D5B9351DE3536900C6ED8C /* Thingy.framework */ = {isa = PBXFileReference; explicitFileType = wrapper.framework; includeInIndex = 0; path = Thingy.framework; sourceTree = BUILT_PRODUCTS_DIR; };
		32D5B93F1DE355B400C6ED8C /* Family.swift */ = {isa = PBXFileReference; fileEncoding = 4; lastKnownFileType = sourcecode.swift; path = Family.swift; sourceTree = "<group>"; };
		32D5B9431DE355C200C6ED8C /* ProductLine.swift */ = {isa = PBXFileReference; fileEncoding = 4; lastKnownFileType = sourcecode.swift; path = ProductLine.swift; sourceTree = "<group>"; };
		32D5B9481DE356B000C6ED8C /* Model.swift */ = {isa = PBXFileReference; fileEncoding = 4; lastKnownFileType = sourcecode.swift; path = Model.swift; sourceTree = "<group>"; };
		32D5B94C1DE3593800C6ED8C /* Thingy.swift */ = {isa = PBXFileReference; fileEncoding = 4; lastKnownFileType = sourcecode.swift; path = Thingy.swift; sourceTree = "<group>"; };
		32D5B9501DE35AFA00C6ED8C /* ThingyTests.swift */ = {isa = PBXFileReference; fileEncoding = 4; lastKnownFileType = sourcecode.swift; lineEnding = 0; path = ThingyTests.swift; sourceTree = "<group>"; xcLanguageSpecificationIdentifier = xcode.lang.swift; };
		32FAD8D01DECAA5E00AC5433 /* Parser.swift */ = {isa = PBXFileReference; fileEncoding = 4; lastKnownFileType = sourcecode.swift; path = Parser.swift; sourceTree = "<group>"; };
		32FAD8D21DECAB2B00AC5433 /* Protocols.swift */ = {isa = PBXFileReference; fileEncoding = 4; lastKnownFileType = sourcecode.swift; path = Protocols.swift; sourceTree = "<group>"; };
		AD88C459867230ACFFEF7EDB /* Thingy.h */ = {isa = PBXFileReference; lastKnownFileType = sourcecode.c.h; lineEnding = 0; path = Thingy.h; sourceTree = "<group>"; xcLanguageSpecificationIdentifier = xcode.lang.objcpp; };
		AD88C57407E90816F1ECEF58 /* Info.plist */ = {isa = PBXFileReference; lastKnownFileType = text.plist.info; path = Info.plist; sourceTree = "<group>"; };
		AD88C5F6C3AA1CADD3C7480E /* Thingy.framework */ = {isa = PBXFileReference; explicitFileType = wrapper.framework; includeInIndex = 0; path = Thingy.framework; sourceTree = BUILT_PRODUCTS_DIR; };
		AD88C813A58AD585E89B0A02 /* ParserTests.swift */ = {isa = PBXFileReference; fileEncoding = 4; lastKnownFileType = sourcecode.swift; path = ParserTests.swift; sourceTree = "<group>"; };
		AD88CB78B87CDD5F9390F9F3 /* Info.plist */ = {isa = PBXFileReference; lastKnownFileType = text.plist.info; path = Info.plist; sourceTree = "<group>"; };
		AD88CD426DB4F7DE84E65B55 /* DeviceMap.swift */ = {isa = PBXFileReference; fileEncoding = 4; lastKnownFileType = sourcecode.swift; path = DeviceMap.swift; sourceTree = "<group>"; };
		AD88CEBBBC26647E231FF5DD /* Tests iOS.xctest */ = {isa = PBXFileReference; explicitFileType = wrapper.cfbundle; includeInIndex = 0; path = "Tests iOS.xctest"; sourceTree = BUILT_PRODUCTS_DIR; };
/* End PBXFileReference section */

/* Begin PBXFrameworksBuildPhase section */
		328252801DEE32B50026BAD8 /* Frameworks */ = {
			isa = PBXFrameworksBuildPhase;
			buildActionMask = 2147483647;
			files = (
				328252881DEE32B50026BAD8 /* Thingy.framework in Frameworks */,
			);
			runOnlyForDeploymentPostprocessing = 0;
		};
		32D5B9241DE3534B00C6ED8C /* Frameworks */ = {
			isa = PBXFrameworksBuildPhase;
			buildActionMask = 2147483647;
			files = (
			);
			runOnlyForDeploymentPostprocessing = 0;
		};
		32D5B9311DE3536900C6ED8C /* Frameworks */ = {
			isa = PBXFrameworksBuildPhase;
			buildActionMask = 2147483647;
			files = (
			);
			runOnlyForDeploymentPostprocessing = 0;
		};
		AD88C5EA754C99B2E92A2B51 /* Frameworks */ = {
			isa = PBXFrameworksBuildPhase;
			buildActionMask = 2147483647;
			files = (
				AD88C2DFE43E151C6FB20A10 /* Thingy.framework in Frameworks */,
			);
			runOnlyForDeploymentPostprocessing = 0;
		};
		AD88CC0E30E8FED9682CB59A /* Frameworks */ = {
			isa = PBXFrameworksBuildPhase;
			buildActionMask = 2147483647;
			files = (
			);
			runOnlyForDeploymentPostprocessing = 0;
		};
/* End PBXFrameworksBuildPhase section */

/* Begin PBXGroup section */
		32D5B9471DE355C800C6ED8C /* Model */ = {
			isa = PBXGroup;
			children = (
				32D5B9481DE356B000C6ED8C /* Model.swift */,
				32D5B93F1DE355B400C6ED8C /* Family.swift */,
				32D5B9431DE355C200C6ED8C /* ProductLine.swift */,
				AD88CD426DB4F7DE84E65B55 /* DeviceMap.swift */,
			);
			name = Model;
			sourceTree = "<group>";
		};
		32D88E9D1DE3371E00E47A72 /* Supporting Files */ = {
			isa = PBXGroup;
			children = (
				AD88C57407E90816F1ECEF58 /* Info.plist */,
				3282527D1DEE32220026BAD8 /* Info-tvOS.plist */,
				AD88C459867230ACFFEF7EDB /* Thingy.h */,
			);
			name = "Supporting Files";
			sourceTree = "<group>";
		};
		32D88E9E1DE3375600E47A72 /* Supporting Files */ = {
			isa = PBXGroup;
			children = (
				AD88CB78B87CDD5F9390F9F3 /* Info.plist */,
			);
			name = "Supporting Files";
			sourceTree = "<group>";
		};
		AD88C0F51310561142F7B7A7 = {
			isa = PBXGroup;
			children = (
				AD88C8D3197EFA0401C39BF6 /* Sources */,
				AD88C57198FB176D7F8C8E0D /* Unit Tests */,
				AD88C5746FC3A4D01C1C9136 /* Products */,
			);
			sourceTree = "<group>";
		};
		AD88C57198FB176D7F8C8E0D /* Unit Tests */ = {
			isa = PBXGroup;
			children = (
				32D88E9E1DE3375600E47A72 /* Supporting Files */,
				32D5B9501DE35AFA00C6ED8C /* ThingyTests.swift */,
				AD88C813A58AD585E89B0A02 /* ParserTests.swift */,
			);
			path = "Unit Tests";
			sourceTree = "<group>";
		};
		AD88C5746FC3A4D01C1C9136 /* Products */ = {
			isa = PBXGroup;
			children = (
				AD88C5F6C3AA1CADD3C7480E /* Thingy.framework */,
				AD88CEBBBC26647E231FF5DD /* Tests iOS.xctest */,
				32D5B9281DE3534B00C6ED8C /* Thingy.framework */,
				32D5B9351DE3536900C6ED8C /* Thingy.framework */,
				328252831DEE32B50026BAD8 /* Tests tvOS.xctest */,
			);
			name = Products;
			sourceTree = "<group>";
		};
		AD88C8D3197EFA0401C39BF6 /* Sources */ = {
			isa = PBXGroup;
			children = (
				32D5B94C1DE3593800C6ED8C /* Thingy.swift */,
				32FAD8D01DECAA5E00AC5433 /* Parser.swift */,
				32FAD8D21DECAB2B00AC5433 /* Protocols.swift */,
				32D5B9471DE355C800C6ED8C /* Model */,
				32D88E9D1DE3371E00E47A72 /* Supporting Files */,
			);
			path = Sources;
			sourceTree = "<group>";
		};
/* End PBXGroup section */

/* Begin PBXHeadersBuildPhase section */
		32D5B9251DE3534B00C6ED8C /* Headers */ = {
			isa = PBXHeadersBuildPhase;
			buildActionMask = 2147483647;
			files = (
				32D5B93E1DE354E500C6ED8C /* Thingy.h in Headers */,
			);
			runOnlyForDeploymentPostprocessing = 0;
		};
		32D5B9321DE3536900C6ED8C /* Headers */ = {
			isa = PBXHeadersBuildPhase;
			buildActionMask = 2147483647;
			files = (
				32D5B93D1DE354E500C6ED8C /* Thingy.h in Headers */,
			);
			runOnlyForDeploymentPostprocessing = 0;
		};
		AD88CDEEE7144905C9FE95F2 /* Headers */ = {
			isa = PBXHeadersBuildPhase;
			buildActionMask = 2147483647;
			files = (
				AD88C194CCEBFDA00C7C44EA /* Thingy.h in Headers */,
			);
			runOnlyForDeploymentPostprocessing = 0;
		};
/* End PBXHeadersBuildPhase section */

/* Begin PBXNativeTarget section */
		328252821DEE32B50026BAD8 /* Tests tvOS */ = {
			isa = PBXNativeTarget;
			buildConfigurationList = 3282528B1DEE32B50026BAD8 /* Build configuration list for PBXNativeTarget "Tests tvOS" */;
			buildPhases = (
				3282527F1DEE32B50026BAD8 /* Sources */,
				328252801DEE32B50026BAD8 /* Frameworks */,
				328252811DEE32B50026BAD8 /* Resources */,
			);
			buildRules = (
			);
			dependencies = (
				3282528A1DEE32B50026BAD8 /* PBXTargetDependency */,
			);
			name = "Tests tvOS";
			productName = "DeviceTests-tvOS";
			productReference = 328252831DEE32B50026BAD8 /* Tests tvOS.xctest */;
			productType = "com.apple.product-type.bundle.unit-test";
		};
		32D5B9271DE3534B00C6ED8C /* Thingy watchOS */ = {
			isa = PBXNativeTarget;
			buildConfigurationList = 32D5B92D1DE3534C00C6ED8C /* Build configuration list for PBXNativeTarget "Thingy watchOS" */;
			buildPhases = (
				32D5B9231DE3534B00C6ED8C /* Sources */,
				32D5B9241DE3534B00C6ED8C /* Frameworks */,
				32D5B9251DE3534B00C6ED8C /* Headers */,
				32D5B9261DE3534B00C6ED8C /* Resources */,
			);
			buildRules = (
			);
			dependencies = (
			);
			name = "Thingy watchOS";
			productName = "Thingy watchOS";
			productReference = 32D5B9281DE3534B00C6ED8C /* Thingy.framework */;
			productType = "com.apple.product-type.framework";
		};
		32D5B9341DE3536900C6ED8C /* Thingy tvOS */ = {
			isa = PBXNativeTarget;
			buildConfigurationList = 32D5B93A1DE3536900C6ED8C /* Build configuration list for PBXNativeTarget "Thingy tvOS" */;
			buildPhases = (
				32D5B9301DE3536900C6ED8C /* Sources */,
				32D5B9311DE3536900C6ED8C /* Frameworks */,
				32D5B9321DE3536900C6ED8C /* Headers */,
				32D5B9331DE3536900C6ED8C /* Resources */,
			);
			buildRules = (
			);
			dependencies = (
			);
			name = "Thingy tvOS";
			productName = "Thingy tvOS";
			productReference = 32D5B9351DE3536900C6ED8C /* Thingy.framework */;
			productType = "com.apple.product-type.framework";
		};
		AD88C67C53FE4E578B02552D /* Tests iOS */ = {
			isa = PBXNativeTarget;
			buildConfigurationList = AD88C5FB5FC75605B8C40FDA /* Build configuration list for PBXNativeTarget "Tests iOS" */;
			buildPhases = (
				AD88C8AB04A2246C1769E022 /* Sources */,
				AD88C5EA754C99B2E92A2B51 /* Frameworks */,
				AD88C00DE38088E6EEFC58B6 /* Resources */,
			);
			buildRules = (
			);
			dependencies = (
				AD88C352087385CEF3C5AABB /* PBXTargetDependency */,
			);
			name = "Tests iOS";
			productName = DeviceTests;
			productReference = AD88CEBBBC26647E231FF5DD /* Tests iOS.xctest */;
			productType = "com.apple.product-type.bundle.unit-test";
		};
		AD88CC9CCE3163C7DBDA97EE /* Thingy iOS */ = {
			isa = PBXNativeTarget;
			buildConfigurationList = AD88C620B3BDE5FD2AEDC8A8 /* Build configuration list for PBXNativeTarget "Thingy iOS" */;
			buildPhases = (
				AD88CB490D376D7C7FA589DE /* Sources */,
				AD88CC0E30E8FED9682CB59A /* Frameworks */,
				AD88CDEEE7144905C9FE95F2 /* Headers */,
				AD88CB6853ACC9A0EE38391F /* Resources */,
			);
			buildRules = (
			);
			dependencies = (
			);
			name = "Thingy iOS";
			productName = "Thingy iOS";
			productReference = AD88C5F6C3AA1CADD3C7480E /* Thingy.framework */;
			productType = "com.apple.product-type.framework";
		};
/* End PBXNativeTarget section */

/* Begin PBXProject section */
		AD88CDF9FD3BBF5B2C09AF5D /* Project object */ = {
			isa = PBXProject;
			attributes = {
				LastSwiftUpdateCheck = 0810;
				LastUpgradeCheck = 0830;
				ORGANIZATIONNAME = "Bojan Dimovski";
				TargetAttributes = {
					328252821DEE32B50026BAD8 = {
						CreatedOnToolsVersion = 8.1;
						ProvisioningStyle = Automatic;
					};
					32D5B9271DE3534B00C6ED8C = {
						CreatedOnToolsVersion = 8.1;
						LastSwiftMigration = 0810;
						ProvisioningStyle = Automatic;
					};
					32D5B9341DE3536900C6ED8C = {
						CreatedOnToolsVersion = 8.1;
						LastSwiftMigration = 0810;
						ProvisioningStyle = Automatic;
					};
					AD88C67C53FE4E578B02552D = {
						LastSwiftMigration = 0810;
					};
					AD88CC9CCE3163C7DBDA97EE = {
						LastSwiftMigration = 0810;
						ProvisioningStyle = Automatic;
					};
				};
			};
			buildConfigurationList = AD88CB75C26FB3DF1A51E108 /* Build configuration list for PBXProject "Thingy" */;
			compatibilityVersion = "Xcode 3.2";
			developmentRegion = English;
			hasScannedForEncodings = 0;
			knownRegions = (
				en,
			);
			mainGroup = AD88C0F51310561142F7B7A7;
			productRefGroup = AD88C5746FC3A4D01C1C9136 /* Products */;
			projectDirPath = "";
			projectRoot = "";
			targets = (
				AD88CC9CCE3163C7DBDA97EE /* Thingy iOS */,
				32D5B9271DE3534B00C6ED8C /* Thingy watchOS */,
				32D5B9341DE3536900C6ED8C /* Thingy tvOS */,
				AD88C67C53FE4E578B02552D /* Tests iOS */,
				328252821DEE32B50026BAD8 /* Tests tvOS */,
			);
		};
/* End PBXProject section */

/* Begin PBXResourcesBuildPhase section */
		328252811DEE32B50026BAD8 /* Resources */ = {
			isa = PBXResourcesBuildPhase;
			buildActionMask = 2147483647;
			files = (
			);
			runOnlyForDeploymentPostprocessing = 0;
		};
		32D5B9261DE3534B00C6ED8C /* Resources */ = {
			isa = PBXResourcesBuildPhase;
			buildActionMask = 2147483647;
			files = (
			);
			runOnlyForDeploymentPostprocessing = 0;
		};
		32D5B9331DE3536900C6ED8C /* Resources */ = {
			isa = PBXResourcesBuildPhase;
			buildActionMask = 2147483647;
			files = (
			);
			runOnlyForDeploymentPostprocessing = 0;
		};
		AD88C00DE38088E6EEFC58B6 /* Resources */ = {
			isa = PBXResourcesBuildPhase;
			buildActionMask = 2147483647;
			files = (
			);
			runOnlyForDeploymentPostprocessing = 0;
		};
		AD88CB6853ACC9A0EE38391F /* Resources */ = {
			isa = PBXResourcesBuildPhase;
			buildActionMask = 2147483647;
			files = (
			);
			runOnlyForDeploymentPostprocessing = 0;
		};
/* End PBXResourcesBuildPhase section */

/* Begin PBXSourcesBuildPhase section */
		3282527F1DEE32B50026BAD8 /* Sources */ = {
			isa = PBXSourcesBuildPhase;
			buildActionMask = 2147483647;
			files = (
				3282528F1DEE335F0026BAD8 /* ParserTests.swift in Sources */,
				3282528E1DEE335F0026BAD8 /* ThingyTests.swift in Sources */,
			);
			runOnlyForDeploymentPostprocessing = 0;
		};
		32D5B9231DE3534B00C6ED8C /* Sources */ = {
			isa = PBXSourcesBuildPhase;
			buildActionMask = 2147483647;
			files = (
				32D5B94A1DE356B000C6ED8C /* Model.swift in Sources */,
				32D5B9411DE355B400C6ED8C /* Family.swift in Sources */,
				32FAD8DF1DECC12800AC5433 /* Protocols.swift in Sources */,
				32FAD8DE1DECC12800AC5433 /* Parser.swift in Sources */,
				32D5B9451DE355C200C6ED8C /* ProductLine.swift in Sources */,
				AD88C62D76B2BF1732052A85 /* DeviceMap.swift in Sources */,
				32FAD8DD1DECC12800AC5433 /* Thingy.swift in Sources */,
			);
			runOnlyForDeploymentPostprocessing = 0;
		};
		32D5B9301DE3536900C6ED8C /* Sources */ = {
			isa = PBXSourcesBuildPhase;
			buildActionMask = 2147483647;
			files = (
				32D5B94B1DE356B000C6ED8C /* Model.swift in Sources */,
				32D5B9421DE355B400C6ED8C /* Family.swift in Sources */,
				32FAD8DB1DECC12600AC5433 /* Protocols.swift in Sources */,
				32FAD8DA1DECC12600AC5433 /* Parser.swift in Sources */,
				32D5B9461DE355C200C6ED8C /* ProductLine.swift in Sources */,
				AD88C8A779AC8051DE5EF927 /* DeviceMap.swift in Sources */,
				32FAD8D91DECC12600AC5433 /* Thingy.swift in Sources */,
			);
			runOnlyForDeploymentPostprocessing = 0;
		};
		AD88C8AB04A2246C1769E022 /* Sources */ = {
			isa = PBXSourcesBuildPhase;
			buildActionMask = 2147483647;
			files = (
				32FAD8D41DECB24600AC5433 /* ParserTests.swift in Sources */,
				32D5B9511DE35AFA00C6ED8C /* ThingyTests.swift in Sources */,
			);
			runOnlyForDeploymentPostprocessing = 0;
		};
		AD88CB490D376D7C7FA589DE /* Sources */ = {
			isa = PBXSourcesBuildPhase;
			buildActionMask = 2147483647;
			files = (
				32D5B9491DE356B000C6ED8C /* Model.swift in Sources */,
				32D5B9401DE355B400C6ED8C /* Family.swift in Sources */,
				32FAD8D31DECAB2B00AC5433 /* Protocols.swift in Sources */,
				32FAD8D11DECAA5E00AC5433 /* Parser.swift in Sources */,
				32D5B9441DE355C200C6ED8C /* ProductLine.swift in Sources */,
				32D5B94D1DE3593800C6ED8C /* Thingy.swift in Sources */,
				AD88CB267C2A32BC0BF8FB85 /* DeviceMap.swift in Sources */,
			);
			runOnlyForDeploymentPostprocessing = 0;
		};
/* End PBXSourcesBuildPhase section */

/* Begin PBXTargetDependency section */
		3282528A1DEE32B50026BAD8 /* PBXTargetDependency */ = {
			isa = PBXTargetDependency;
			target = 32D5B9341DE3536900C6ED8C /* Thingy tvOS */;
			targetProxy = 328252891DEE32B50026BAD8 /* PBXContainerItemProxy */;
		};
		AD88C352087385CEF3C5AABB /* PBXTargetDependency */ = {
			isa = PBXTargetDependency;
			target = AD88CC9CCE3163C7DBDA97EE /* Thingy iOS */;
			targetProxy = AD88C62ABEDCD78D36C919A2 /* PBXContainerItemProxy */;
		};
/* End PBXTargetDependency section */

/* Begin XCBuildConfiguration section */
		3282528C1DEE32B50026BAD8 /* Debug */ = {
			isa = XCBuildConfiguration;
			buildSettings = {
				INFOPLIST_FILE = "Unit Tests/Info.plist";
				LD_RUNPATH_SEARCH_PATHS = "$(inherited) @executable_path/Frameworks @loader_path/Frameworks";
				PRODUCT_BUNDLE_IDENTIFIER = "com.bojandimovski.ThingyTests-tvOS";
				PRODUCT_NAME = "$(TARGET_NAME)";
				TVOS_DEPLOYMENT_TARGET = 10.0;
			};
			name = Debug;
		};
		3282528D1DEE32B50026BAD8 /* Release */ = {
			isa = XCBuildConfiguration;
			buildSettings = {
				INFOPLIST_FILE = "Unit Tests/Info.plist";
				LD_RUNPATH_SEARCH_PATHS = "$(inherited) @executable_path/Frameworks @loader_path/Frameworks";
				PRODUCT_BUNDLE_IDENTIFIER = "com.bojandimovski.ThingyTests-tvOS";
				PRODUCT_NAME = "$(TARGET_NAME)";
				TVOS_DEPLOYMENT_TARGET = 10.0;
			};
			name = Release;
		};
		32D5B92E1DE3534C00C6ED8C /* Debug */ = {
			isa = XCBuildConfiguration;
			buildSettings = {
				ALWAYS_SEARCH_USER_PATHS = NO;
				APPLICATION_EXTENSION_API_ONLY = YES;
				CLANG_ENABLE_MODULES = YES;
				CODE_SIGN_IDENTITY = "";
				DEFINES_MODULE = YES;
				DYLIB_COMPATIBILITY_VERSION = 1;
				DYLIB_INSTALL_NAME_BASE = "@rpath";
				INFOPLIST_FILE = Sources/Info.plist;
				INSTALL_PATH = "$(LOCAL_LIBRARY_DIR)/Frameworks";
				LD_RUNPATH_SEARCH_PATHS = "$(inherited) @executable_path/Frameworks @loader_path/Frameworks";
				PRODUCT_BUNDLE_IDENTIFIER = com.bojandimovski.Thingy;
				SDKROOT = watchos;
				SKIP_INSTALL = YES;
				SWIFT_OPTIMIZATION_LEVEL = "-Onone";
				TARGETED_DEVICE_FAMILY = 4;
				WATCHOS_DEPLOYMENT_TARGET = 2.0;
			};
			name = Debug;
		};
		32D5B92F1DE3534C00C6ED8C /* Release */ = {
			isa = XCBuildConfiguration;
			buildSettings = {
				ALWAYS_SEARCH_USER_PATHS = NO;
				APPLICATION_EXTENSION_API_ONLY = YES;
				CLANG_ENABLE_MODULES = YES;
				CODE_SIGN_IDENTITY = "";
				DEFINES_MODULE = YES;
				DYLIB_COMPATIBILITY_VERSION = 1;
				DYLIB_INSTALL_NAME_BASE = "@rpath";
				INFOPLIST_FILE = Sources/Info.plist;
				INSTALL_PATH = "$(LOCAL_LIBRARY_DIR)/Frameworks";
				LD_RUNPATH_SEARCH_PATHS = "$(inherited) @executable_path/Frameworks @loader_path/Frameworks";
				PRODUCT_BUNDLE_IDENTIFIER = com.bojandimovski.Thingy;
				SDKROOT = watchos;
				SKIP_INSTALL = YES;
				TARGETED_DEVICE_FAMILY = 4;
				WATCHOS_DEPLOYMENT_TARGET = 2.0;
			};
			name = Release;
		};
		32D5B93B1DE3536900C6ED8C /* Debug */ = {
			isa = XCBuildConfiguration;
			buildSettings = {
				ALWAYS_SEARCH_USER_PATHS = NO;
				CLANG_ENABLE_MODULES = YES;
				CODE_SIGN_IDENTITY = "";
				DEFINES_MODULE = YES;
				DYLIB_COMPATIBILITY_VERSION = 1;
				DYLIB_INSTALL_NAME_BASE = "@rpath";
				INFOPLIST_FILE = "Sources/Info-tvOS.plist";
				INSTALL_PATH = "$(LOCAL_LIBRARY_DIR)/Frameworks";
				LD_RUNPATH_SEARCH_PATHS = "$(inherited) @executable_path/Frameworks @loader_path/Frameworks";
				PRODUCT_BUNDLE_IDENTIFIER = com.bojandimovski.Thingy;
				SDKROOT = appletvos;
				SKIP_INSTALL = YES;
				SWIFT_OPTIMIZATION_LEVEL = "-Onone";
				TARGETED_DEVICE_FAMILY = 3;
				TVOS_DEPLOYMENT_TARGET = 9.0;
			};
			name = Debug;
		};
		32D5B93C1DE3536900C6ED8C /* Release */ = {
			isa = XCBuildConfiguration;
			buildSettings = {
				ALWAYS_SEARCH_USER_PATHS = NO;
				CLANG_ENABLE_MODULES = YES;
				CODE_SIGN_IDENTITY = "";
				DEFINES_MODULE = YES;
				DYLIB_COMPATIBILITY_VERSION = 1;
				DYLIB_INSTALL_NAME_BASE = "@rpath";
				INFOPLIST_FILE = "Sources/Info-tvOS.plist";
				INSTALL_PATH = "$(LOCAL_LIBRARY_DIR)/Frameworks";
				LD_RUNPATH_SEARCH_PATHS = "$(inherited) @executable_path/Frameworks @loader_path/Frameworks";
				PRODUCT_BUNDLE_IDENTIFIER = com.bojandimovski.Thingy;
				SDKROOT = appletvos;
				SKIP_INSTALL = YES;
				TARGETED_DEVICE_FAMILY = 3;
				TVOS_DEPLOYMENT_TARGET = 9.0;
			};
			name = Release;
		};
		AD88C01082EF1EE75F31C9E6 /* Debug */ = {
			isa = XCBuildConfiguration;
			buildSettings = {
				ALWAYS_SEARCH_USER_PATHS = NO;
				CLANG_ENABLE_MODULES = YES;
				CODE_SIGN_IDENTITY = "";
				"CODE_SIGN_IDENTITY[sdk=iphoneos*]" = "";
				DEFINES_MODULE = YES;
				DYLIB_COMPATIBILITY_VERSION = 1;
				DYLIB_INSTALL_NAME_BASE = "@rpath";
				INFOPLIST_FILE = Sources/Info.plist;
				INSTALL_PATH = "$(LOCAL_LIBRARY_DIR)/Frameworks";
				IPHONEOS_DEPLOYMENT_TARGET = 8.0;
				LD_RUNPATH_SEARCH_PATHS = "$(inherited) @executable_path/Frameworks @loader_path/Frameworks";
				PRODUCT_BUNDLE_IDENTIFIER = com.bojandimovski.Thingy;
				SDKROOT = iphoneos;
				SKIP_INSTALL = YES;
				SWIFT_OPTIMIZATION_LEVEL = "-Onone";
			};
			name = Debug;
		};
		AD88C147F31784D254F85D98 /* Release */ = {
			isa = XCBuildConfiguration;
			buildSettings = {
				CURRENT_PROJECT_VERSION = 1;
				DYLIB_CURRENT_VERSION = 1;
				PRODUCT_NAME = Thingy;
				SWIFT_VERSION = 3.0;
			};
			name = Release;
		};
		AD88C352FCCA2C20DD77D4A9 /* Release */ = {
			isa = XCBuildConfiguration;
			buildSettings = {
				ALWAYS_EMBED_SWIFT_STANDARD_LIBRARIES = YES;
				CLANG_ENABLE_MODULES = YES;
				INFOPLIST_FILE = "Unit Tests/Info.plist";
				LD_RUNPATH_SEARCH_PATHS = "$(inherited) @executable_path/Frameworks @loader_path/Frameworks";
				PRODUCT_BUNDLE_IDENTIFIER = "com.bojandimovski.ThingyTests-iOS";
				PRODUCT_NAME = "$(TARGET_NAME)";
			};
			name = Release;
		};
		AD88C55B31FDA3A3AE9EEFFE /* Debug */ = {
			isa = XCBuildConfiguration;
			buildSettings = {
				CURRENT_PROJECT_VERSION = 1;
				DYLIB_CURRENT_VERSION = 1;
				PRODUCT_NAME = Thingy;
				SWIFT_VERSION = 3.0;
			};
			name = Debug;
		};
		AD88CA0DED769975DBE9DD62 /* Release */ = {
			isa = XCBuildConfiguration;
			buildSettings = {
				ALWAYS_SEARCH_USER_PATHS = NO;
				CLANG_ENABLE_MODULES = YES;
				CODE_SIGN_IDENTITY = "";
				"CODE_SIGN_IDENTITY[sdk=iphoneos*]" = "";
				DEFINES_MODULE = YES;
				DYLIB_COMPATIBILITY_VERSION = 1;
				DYLIB_INSTALL_NAME_BASE = "@rpath";
				INFOPLIST_FILE = Sources/Info.plist;
				INSTALL_PATH = "$(LOCAL_LIBRARY_DIR)/Frameworks";
				IPHONEOS_DEPLOYMENT_TARGET = 8.0;
				LD_RUNPATH_SEARCH_PATHS = "$(inherited) @executable_path/Frameworks @loader_path/Frameworks";
				PRODUCT_BUNDLE_IDENTIFIER = com.bojandimovski.Thingy;
				SDKROOT = iphoneos;
				SKIP_INSTALL = YES;
			};
			name = Release;
		};
		AD88CE3C2205A05E57F5E50A /* Debug */ = {
			isa = XCBuildConfiguration;
			buildSettings = {
				ALWAYS_EMBED_SWIFT_STANDARD_LIBRARIES = YES;
				CLANG_ENABLE_MODULES = YES;
				INFOPLIST_FILE = "Unit Tests/Info.plist";
				LD_RUNPATH_SEARCH_PATHS = "$(inherited) @executable_path/Frameworks @loader_path/Frameworks";
				PRODUCT_BUNDLE_IDENTIFIER = "com.bojandimovski.ThingyTests-iOS";
				PRODUCT_NAME = "$(TARGET_NAME)";
				SWIFT_OPTIMIZATION_LEVEL = "-Onone";
			};
			name = Debug;
		};
/* End XCBuildConfiguration section */

/* Begin XCConfigurationList section */
		3282528B1DEE32B50026BAD8 /* Build configuration list for PBXNativeTarget "Tests tvOS" */ = {
			isa = XCConfigurationList;
			buildConfigurations = (
				3282528C1DEE32B50026BAD8 /* Debug */,
				3282528D1DEE32B50026BAD8 /* Release */,
			);
			defaultConfigurationIsVisible = 0;
			defaultConfigurationName = Release;
		};
		32D5B92D1DE3534C00C6ED8C /* Build configuration list for PBXNativeTarget "Thingy watchOS" */ = {
			isa = XCConfigurationList;
			buildConfigurations = (
				32D5B92E1DE3534C00C6ED8C /* Debug */,
				32D5B92F1DE3534C00C6ED8C /* Release */,
			);
			defaultConfigurationIsVisible = 0;
			defaultConfigurationName = Release;
		};
		32D5B93A1DE3536900C6ED8C /* Build configuration list for PBXNativeTarget "Thingy tvOS" */ = {
			isa = XCConfigurationList;
			buildConfigurations = (
				32D5B93B1DE3536900C6ED8C /* Debug */,
				32D5B93C1DE3536900C6ED8C /* Release */,
			);
			defaultConfigurationIsVisible = 0;
			defaultConfigurationName = Release;
		};
		AD88C5FB5FC75605B8C40FDA /* Build configuration list for PBXNativeTarget "Tests iOS" */ = {
			isa = XCConfigurationList;
			buildConfigurations = (
				AD88CE3C2205A05E57F5E50A /* Debug */,
				AD88C352FCCA2C20DD77D4A9 /* Release */,
			);
			defaultConfigurationIsVisible = 0;
			defaultConfigurationName = Release;
		};
		AD88C620B3BDE5FD2AEDC8A8 /* Build configuration list for PBXNativeTarget "Thingy iOS" */ = {
			isa = XCConfigurationList;
			buildConfigurations = (
				AD88C01082EF1EE75F31C9E6 /* Debug */,
				AD88CA0DED769975DBE9DD62 /* Release */,
			);
			defaultConfigurationIsVisible = 0;
			defaultConfigurationName = Release;
		};
		AD88CB75C26FB3DF1A51E108 /* Build configuration list for PBXProject "Thingy" */ = {
			isa = XCConfigurationList;
			buildConfigurations = (
				AD88C55B31FDA3A3AE9EEFFE /* Debug */,
				AD88C147F31784D254F85D98 /* Release */,
			);
			defaultConfigurationIsVisible = 0;
			defaultConfigurationName = Release;
		};
/* End XCConfigurationList section */
	};
	rootObject = AD88CDF9FD3BBF5B2C09AF5D /* Project object */;
}
